
Microsoft Visual Studio Solution File, Format Version 12.00
# Visual Studio Version 17
VisualStudioVersion = 17.6.33829.357
MinimumVisualStudioVersion = 10.0.40219.1
Project("{9A19103F-16F7-4668-BE54-9A1E7A4F7556}") = "SbBlog.API", "SbBlog.API\SbBlog.API.csproj", "{BECCA9D6-63A4-470C-BCE2-A56843DE1DB4}"
EndProject
Project("{2150E333-8FDC-42A3-9474-1A3956D46DE8}") = "API", "API", "{227B887B-FBCC-40F3-AD2F-D9921ABC932B}"
EndProject
Global
	GlobalSection(SolutionConfigurationPlatforms) = preSolution
		Debug|Any CPU = Debug|Any CPU
		Release|Any CPU = Release|Any CPU
	EndGlobalSection
	GlobalSection(ProjectConfigurationPlatforms) = postSolution
		{BECCA9D6-63A4-470C-BCE2-A56843DE1DB4}.Debug|Any CPU.ActiveCfg = Debug|Any CPU
		{BECCA9D6-63A4-470C-BCE2-A56843DE1DB4}.Debug|Any CPU.Build.0 = Debug|Any CPU
		{BECCA9D6-63A4-470C-BCE2-A56843DE1DB4}.Release|Any CPU.ActiveCfg = Release|Any CPU
		{BECCA9D6-63A4-470C-BCE2-A56843DE1DB4}.Release|Any CPU.Build.0 = Release|Any CPU
	EndGlobalSection
	GlobalSection(SolutionProperties) = preSolution
		HideSolutionNode = FALSE
	EndGlobalSection
	GlobalSection(NestedProjects) = preSolution
		{BECCA9D6-63A4-470C-BCE2-A56843DE1DB4} = {227B887B-FBCC-40F3-AD2F-D9921ABC932B}
	EndGlobalSection
	GlobalSection(ExtensibilityGlobals) = postSolution
		SolutionGuid = {903BB020-D44C-48DC-B343-142C0B53738D}
	EndGlobalSection
EndGlobal
